
Microsoft Visual Studio Solution File, Format Version 12.00
# Visual Studio 15
VisualStudioVersion = 15.0.28307.136
MinimumVisualStudioVersion = 10.0.40219.1
Project("{9A19103F-16F7-4668-BE54-9A1E7A4F7556}") = "communicator", "communicator\communicator.csproj", "{214234F5-BA38-45A3-9028-A7D8665D1D33}"
EndProject
Project("{FAE04EC0-301F-11D3-BF4B-00C04F79EFBC}") = "communicator.Tests", "communicator.Tests\communicator.Tests.csproj", "{EB89D692-6AA1-49A7-BE6F-5FC2FC9048A0}"
EndProject
Global
	GlobalSection(SolutionConfigurationPlatforms) = preSolution
		Debug|Any CPU = Debug|Any CPU
		Release|Any CPU = Release|Any CPU
	EndGlobalSection
	GlobalSection(ProjectConfigurationPlatforms) = postSolution
		{214234F5-BA38-45A3-9028-A7D8665D1D33}.Debug|Any CPU.ActiveCfg = Debug|Any CPU
		{214234F5-BA38-45A3-9028-A7D8665D1D33}.Debug|Any CPU.Build.0 = Debug|Any CPU
		{214234F5-BA38-45A3-9028-A7D8665D1D33}.Release|Any CPU.ActiveCfg = Release|Any CPU
		{214234F5-BA38-45A3-9028-A7D8665D1D33}.Release|Any CPU.Build.0 = Release|Any CPU
		{EB89D692-6AA1-49A7-BE6F-5FC2FC9048A0}.Debug|Any CPU.ActiveCfg = Debug|Any CPU
		{EB89D692-6AA1-49A7-BE6F-5FC2FC9048A0}.Debug|Any CPU.Build.0 = Debug|Any CPU
		{EB89D692-6AA1-49A7-BE6F-5FC2FC9048A0}.Release|Any CPU.ActiveCfg = Release|Any CPU
		{EB89D692-6AA1-49A7-BE6F-5FC2FC9048A0}.Release|Any CPU.Build.0 = Release|Any CPU
	EndGlobalSection
	GlobalSection(SolutionProperties) = preSolution
		HideSolutionNode = FALSE
	EndGlobalSection
	GlobalSection(ExtensibilityGlobals) = postSolution
		SolutionGuid = {56857876-91BE-4C88-9309-BADACADDB704}
	EndGlobalSection
EndGlobal
